
Microsoft Visual Studio Solution File, Format Version 12.00
# Visual Studio Version 16
VisualStudioVersion = 16.0.31911.196
MinimumVisualStudioVersion = 10.0.40219.1
Project("{FAE04EC0-301F-11D3-BF4B-00C04F79EFBC}") = "毕业生就业信息管理系统", "毕业生就业信息管理系统\毕业生就业信息管理系统.csproj", "{66F1DC8E-8D32-4AF6-A13B-062DFE2B2EE9}"
EndProject
Project("{FAE04EC0-301F-11D3-BF4B-00C04F79EFBC}") = "DataAccess", "DataAccess\DataAccess.csproj", "{59EDE712-325E-4F0E-A6FD-5CF3A049850A}"
EndProject
Project("{FAE04EC0-301F-11D3-BF4B-00C04F79EFBC}") = "Entity", "Entity\Entity.csproj", "{CDB70416-043A-4363-8630-BAA96231E33D}"
EndProject
Project("{FAE04EC0-301F-11D3-BF4B-00C04F79EFBC}") = "Business", "Business\Business.csproj", "{C1D4FF26-7BEA-455B-93CC-2DD010DADB3F}"
EndProject
Global
	GlobalSection(SolutionConfigurationPlatforms) = preSolution
		Debug|Any CPU = Debug|Any CPU
		Release|Any CPU = Release|Any CPU
	EndGlobalSection
	GlobalSection(ProjectConfigurationPlatforms) = postSolution
		{66F1DC8E-8D32-4AF6-A13B-062DFE2B2EE9}.Debug|Any CPU.ActiveCfg = Debug|Any CPU
		{66F1DC8E-8D32-4AF6-A13B-062DFE2B2EE9}.Debug|Any CPU.Build.0 = Debug|Any CPU
		{66F1DC8E-8D32-4AF6-A13B-062DFE2B2EE9}.Release|Any CPU.ActiveCfg = Release|Any CPU
		{66F1DC8E-8D32-4AF6-A13B-062DFE2B2EE9}.Release|Any CPU.Build.0 = Release|Any CPU
		{59EDE712-325E-4F0E-A6FD-5CF3A049850A}.Debug|Any CPU.ActiveCfg = Debug|Any CPU
		{59EDE712-325E-4F0E-A6FD-5CF3A049850A}.Debug|Any CPU.Build.0 = Debug|Any CPU
		{59EDE712-325E-4F0E-A6FD-5CF3A049850A}.Release|Any CPU.ActiveCfg = Release|Any CPU
		{59EDE712-325E-4F0E-A6FD-5CF3A049850A}.Release|Any CPU.Build.0 = Release|Any CPU
		{CDB70416-043A-4363-8630-BAA96231E33D}.Debug|Any CPU.ActiveCfg = Debug|Any CPU
		{CDB70416-043A-4363-8630-BAA96231E33D}.Debug|Any CPU.Build.0 = Debug|Any CPU
		{CDB70416-043A-4363-8630-BAA96231E33D}.Release|Any CPU.ActiveCfg = Release|Any CPU
		{CDB70416-043A-4363-8630-BAA96231E33D}.Release|Any CPU.Build.0 = Release|Any CPU
		{C1D4FF26-7BEA-455B-93CC-2DD010DADB3F}.Debug|Any CPU.ActiveCfg = Debug|Any CPU
		{C1D4FF26-7BEA-455B-93CC-2DD010DADB3F}.Debug|Any CPU.Build.0 = Debug|Any CPU
		{C1D4FF26-7BEA-455B-93CC-2DD010DADB3F}.Release|Any CPU.ActiveCfg = Release|Any CPU
		{C1D4FF26-7BEA-455B-93CC-2DD010DADB3F}.Release|Any CPU.Build.0 = Release|Any CPU
	EndGlobalSection
	GlobalSection(SolutionProperties) = preSolution
		HideSolutionNode = FALSE
	EndGlobalSection
	GlobalSection(ExtensibilityGlobals) = postSolution
		SolutionGuid = {ABCF451B-B84B-4691-9EB3-F09D5F86B967}
	EndGlobalSection
EndGlobal
